{
    "_readme": [
        "This file locks the dependencies of your project to a known state",
        "Read more about it at https://getcomposer.org/doc/01-basic-usage.md#installing-dependencies",
        "This file is @generated automatically"
    ],
    "content-hash": "b71bbc1cb2fbbba72cb6848286ce79a6",
    "packages": [
        {
            "name": "osw3/url-parser-php",
            "version": "0.0.6",
            "source": {
                "type": "git",
                "url": "https://github.com/OSW3/url-parser-php.git",
                "reference": "e2e1493099f606f8ef6fc664e7fdcfc505225c63"
            },
            "dist": {
                "type": "zip",
                "url": "https://api.github.com/repos/OSW3/url-parser-php/zipball/e2e1493099f606f8ef6fc664e7fdcfc505225c63",
                "reference": "e2e1493099f606f8ef6fc664e7fdcfc505225c63",
                "shasum": ""
            },
            "type": "library",
            "autoload": {
                "psr-4": {
                    "OSW3\\UrlParser\\": "src/"
                }
            },
            "notification-url": "https://packagist.org/downloads/",
            "license": [
                "MIT"
            ],
            "authors": [
                {
                    "name": "OSW3",
                    "email": "contact@osw3.net"
                }
            ],
            "description": "Provides a simple HTTP-Client",
            "support": {
                "issues": "https://github.com/OSW3/url-parser-php/issues",
                "source": "https://github.com/OSW3/url-parser-php/tree/0.0.6"
            },
            "time": "2023-07-26T10:56:05+00:00"
        }
    ],
    "packages-dev": [],
    "aliases": [],
    "minimum-stability": "stable",
    "stability-flags": [],
    "prefer-stable": false,
    "prefer-lowest": false,
    "platform": [],
    "platform-dev": [],
    "plugin-api-version": "2.3.0"
}
